
Microsoft Visual Studio Solution File, Format Version 12.00
# Visual Studio 15
VisualStudioVersion = 15.0.28307.329
MinimumVisualStudioVersion = 10.0.40219.1
Project("{FAE04EC0-301F-11D3-BF4B-00C04F79EFBC}") = "GenerateExcelFiles", "GenerateExcelFiles\GenerateExcelFiles.csproj", "{4354ACB2-0193-4D63-9D41-C64686D7BBD4}"
EndProject
Project("{FAE04EC0-301F-11D3-BF4B-00C04F79EFBC}") = "GenerateExcelFiles_Webform", "GenerateEscelFiles_Webform\GenerateExcelFiles_Webform.csproj", "{BDDCC102-B528-4BF7-B526-A3B9F9578020}"
EndProject
Global
	GlobalSection(SolutionConfigurationPlatforms) = preSolution
		Debug|Any CPU = Debug|Any CPU
		Release|Any CPU = Release|Any CPU
	EndGlobalSection
	GlobalSection(ProjectConfigurationPlatforms) = postSolution
		{4354ACB2-0193-4D63-9D41-C64686D7BBD4}.Debug|Any CPU.ActiveCfg = Debug|Any CPU
		{4354ACB2-0193-4D63-9D41-C64686D7BBD4}.Debug|Any CPU.Build.0 = Debug|Any CPU
		{4354ACB2-0193-4D63-9D41-C64686D7BBD4}.Release|Any CPU.ActiveCfg = Release|Any CPU
		{4354ACB2-0193-4D63-9D41-C64686D7BBD4}.Release|Any CPU.Build.0 = Release|Any CPU
		{BDDCC102-B528-4BF7-B526-A3B9F9578020}.Debug|Any CPU.ActiveCfg = Debug|Any CPU
		{BDDCC102-B528-4BF7-B526-A3B9F9578020}.Debug|Any CPU.Build.0 = Debug|Any CPU
		{BDDCC102-B528-4BF7-B526-A3B9F9578020}.Release|Any CPU.ActiveCfg = Release|Any CPU
		{BDDCC102-B528-4BF7-B526-A3B9F9578020}.Release|Any CPU.Build.0 = Release|Any CPU
	EndGlobalSection
	GlobalSection(SolutionProperties) = preSolution
		HideSolutionNode = FALSE
	EndGlobalSection
	GlobalSection(ExtensibilityGlobals) = postSolution
		SolutionGuid = {68A584EE-24BD-4BA2-8B18-948E25E17F77}
	EndGlobalSection
EndGlobal
